version = 1
revision = 1
requires-python = ">=3.12"

[[package]]
name = "black"
version = "25.1.0"
source = { registry = "https://pypi.org/simple" }
dependencies = [
    { name = "click" },
    { name = "mypy-extensions" },
    { name = "packaging" },
    { name = "pathspec" },
    { name = "platformdirs" },
]
sdist = { url = "https://files.pythonhosted.org/packages/94/49/26a7b0f3f35da4b5a65f081943b7bcd22d7002f5f0fb8098ec1ff21cb6ef/black-25.1.0.tar.gz", hash = "sha256:33496d5cd1222ad73391352b4ae8da15253c5de89b93a80b3e2c8d9a19ec2666", size = 649449 }
wheels = [
    { url = "https://files.pythonhosted.org/packages/83/71/3fe4741df7adf015ad8dfa082dd36c94ca86bb21f25608eb247b4afb15b2/black-25.1.0-cp312-cp312-macosx_10_13_x86_64.whl", hash = "sha256:4b60580e829091e6f9238c848ea6750efed72140b91b048770b64e74fe04908b", size = 1650988 },
    { url = "https://files.pythonhosted.org/packages/13/f3/89aac8a83d73937ccd39bbe8fc6ac8860c11cfa0af5b1c96d081facac844/black-25.1.0-cp312-cp312-macosx_11_0_arm64.whl", hash = "sha256:1e2978f6df243b155ef5fa7e558a43037c3079093ed5d10fd84c43900f2d8ecc", size = 1453985 },
    { url = "https://files.pythonhosted.org/packages/6f/22/b99efca33f1f3a1d2552c714b1e1b5ae92efac6c43e790ad539a163d1754/black-25.1.0-cp312-cp312-manylinux_2_17_x86_64.manylinux2014_x86_64.manylinux_2_28_x86_64.whl", hash = "sha256:3b48735872ec535027d979e8dcb20bf4f70b5ac75a8ea99f127c106a7d7aba9f", size = 1783816 },
    { url = "https://files.pythonhosted.org/packages/18/7e/a27c3ad3822b6f2e0e00d63d58ff6299a99a5b3aee69fa77cd4b0076b261/black-25.1.0-cp312-cp312-win_amd64.whl", hash = "sha256:ea0213189960bda9cf99be5b8c8ce66bb054af5e9e861249cd23471bd7b0b3ba", size = 1440860 },
    { url = "https://files.pythonhosted.org/packages/98/87/0edf98916640efa5d0696e1abb0a8357b52e69e82322628f25bf14d263d1/black-25.1.0-cp313-cp313-macosx_10_13_x86_64.whl", hash = "sha256:8f0b18a02996a836cc9c9c78e5babec10930862827b1b724ddfe98ccf2f2fe4f", size = 1650673 },
    { url = "https://files.pythonhosted.org/packages/52/e5/f7bf17207cf87fa6e9b676576749c6b6ed0d70f179a3d812c997870291c3/black-25.1.0-cp313-cp313-macosx_11_0_arm64.whl", hash = "sha256:afebb7098bfbc70037a053b91ae8437c3857482d3a690fefc03e9ff7aa9a5fd3", size = 1453190 },
    { url = "https://files.pythonhosted.org/packages/e3/ee/adda3d46d4a9120772fae6de454c8495603c37c4c3b9c60f25b1ab6401fe/black-25.1.0-cp313-cp313-manylinux_2_17_x86_64.manylinux2014_x86_64.manylinux_2_28_x86_64.whl", hash = "sha256:030b9759066a4ee5e5aca28c3c77f9c64789cdd4de8ac1df642c40b708be6171", size = 1782926 },
    { url = "https://files.pythonhosted.org/packages/cc/64/94eb5f45dcb997d2082f097a3944cfc7fe87e071907f677e80788a2d7b7a/black-25.1.0-cp313-cp313-win_amd64.whl", hash = "sha256:a22f402b410566e2d1c950708c77ebf5ebd5d0d88a6a2e87c86d9fb48afa0d18", size = 1442613 },
    { url = "https://files.pythonhosted.org/packages/09/71/54e999902aed72baf26bca0d50781b01838251a462612966e9fc4891eadd/black-25.1.0-py3-none-any.whl", hash = "sha256:95e8176dae143ba9097f351d174fdaf0ccd29efb414b362ae3fd72bf0f710717", size = 207646 },
]

[[package]]
name = "click"
version = "8.2.1"
source = { registry = "https://pypi.org/simple" }
dependencies = [
    { name = "colorama", marker = "sys_platform == 'win32'" },
]
sdist = { url = "https://files.pythonhosted.org/packages/60/6c/8ca2efa64cf75a977a0d7fac081354553ebe483345c734fb6b6515d96bbc/click-8.2.1.tar.gz", hash = "sha256:27c491cc05d968d271d5a1db13e3b5a184636d9d930f148c50b038f0d0646202", size = 286342 }
wheels = [
    { url = "https://files.pythonhosted.org/packages/85/32/10bb5764d90a8eee674e9dc6f4db6a0ab47c8c4d0d83c27f7c39ac415a4d/click-8.2.1-py3-none-any.whl", hash = "sha256:61a3265b914e850b85317d0b3109c7f8cd35a670f963866005d6ef1d5175a12b", size = 102215 },
]

[[package]]
name = "colorama"
version = "0.4.6"
source = { registry = "https://pypi.org/simple" }
sdist = { url = "https://files.pythonhosted.org/packages/d8/53/6f443c9a4a8358a93a6792e2acffb9d9d5cb0a5cfd8802644b7b1c9a02e4/colorama-0.4.6.tar.gz", hash = "sha256:08695f5cb7ed6e0531a20572697297273c47b8cae5a63ffc6d6ed5c201be6e44", size = 27697 }
wheels = [
    { url = "https://files.pythonhosted.org/packages/d1/d6/3965ed04c63042e047cb6a3e6ed1a63a35087b6a609aa3a15ed8ac56c221/colorama-0.4.6-py2.py3-none-any.whl", hash = "sha256:4f1d9991f5acc0ca119f9d443620b77f9d6b33703e51011c16baf57afb285fc6", size = 25335 },
]

[[package]]
name = "coverage"
version = "7.10.3"
source = { registry = "https://pypi.org/simple" }
sdist = { url = "https://files.pythonhosted.org/packages/f4/2c/253cc41cd0f40b84c1c34c5363e0407d73d4a1cae005fed6db3b823175bd/coverage-7.10.3.tar.gz", hash = "sha256:812ba9250532e4a823b070b0420a36499859542335af3dca8f47fc6aa1a05619", size = 822936 }
wheels = [
    { url = "https://files.pythonhosted.org/packages/b8/62/13c0b66e966c43d7aa64dadc8cd2afa1f5a2bf9bb863bdabc21fb94e8b63/coverage-7.10.3-cp312-cp312-macosx_10_13_x86_64.whl", hash = "sha256:449c1e2d3a84d18bd204258a897a87bc57380072eb2aded6a5b5226046207b42", size = 216262 },
    { url = "https://files.pythonhosted.org/packages/b5/f0/59fdf79be7ac2f0206fc739032f482cfd3f66b18f5248108ff192741beae/coverage-7.10.3-cp312-cp312-macosx_11_0_arm64.whl", hash = "sha256:1d4f9ce50b9261ad196dc2b2e9f1fbbee21651b54c3097a25ad783679fd18294", size = 216496 },
    { url = "https://files.pythonhosted.org/packages/34/b1/bc83788ba31bde6a0c02eb96bbc14b2d1eb083ee073beda18753fa2c4c66/coverage-7.10.3-cp312-cp312-manylinux1_i686.manylinux_2_28_i686.manylinux_2_5_i686.whl", hash = "sha256:4dd4564207b160d0d45c36a10bc0a3d12563028e8b48cd6459ea322302a156d7", size = 247989 },
    { url = "https://files.pythonhosted.org/packages/0c/29/f8bdf88357956c844bd872e87cb16748a37234f7f48c721dc7e981145eb7/coverage-7.10.3-cp312-cp312-manylinux1_x86_64.manylinux_2_28_x86_64.manylinux_2_5_x86_64.whl", hash = "sha256:5ca3c9530ee072b7cb6a6ea7b640bcdff0ad3b334ae9687e521e59f79b1d0437", size = 250738 },
    { url = "https://files.pythonhosted.org/packages/ae/df/6396301d332b71e42bbe624670af9376f63f73a455cc24723656afa95796/coverage-7.10.3-cp312-cp312-manylinux2014_aarch64.manylinux_2_17_aarch64.manylinux_2_28_aarch64.whl", hash = "sha256:b6df359e59fa243c9925ae6507e27f29c46698359f45e568fd51b9315dbbe587", size = 251868 },
    { url = "https://files.pythonhosted.org/packages/91/21/d760b2df6139b6ef62c9cc03afb9bcdf7d6e36ed4d078baacffa618b4c1c/coverage-7.10.3-cp312-cp312-musllinux_1_2_aarch64.whl", hash = "sha256:a181e4c2c896c2ff64c6312db3bda38e9ade2e1aa67f86a5628ae85873786cea", size = 249790 },
    { url = "https://files.pythonhosted.org/packages/69/91/5dcaa134568202397fa4023d7066d4318dc852b53b428052cd914faa05e1/coverage-7.10.3-cp312-cp312-musllinux_1_2_i686.whl", hash = "sha256:a374d4e923814e8b72b205ef6b3d3a647bb50e66f3558582eda074c976923613", size = 247907 },
    { url = "https://files.pythonhosted.org/packages/38/ed/70c0e871cdfef75f27faceada461206c1cc2510c151e1ef8d60a6fedda39/coverage-7.10.3-cp312-cp312-musllinux_1_2_x86_64.whl", hash = "sha256:daeefff05993e5e8c6e7499a8508e7bd94502b6b9a9159c84fd1fe6bce3151cb", size = 249344 },
    { url = "https://files.pythonhosted.org/packages/5f/55/c8a273ed503cedc07f8a00dcd843daf28e849f0972e4c6be4c027f418ad6/coverage-7.10.3-cp312-cp312-win32.whl", hash = "sha256:187ecdcac21f9636d570e419773df7bd2fda2e7fa040f812e7f95d0bddf5f79a", size = 218693 },
    { url = "https://files.pythonhosted.org/packages/94/58/dd3cfb2473b85be0b6eb8c5b6d80b6fc3f8f23611e69ef745cef8cf8bad5/coverage-7.10.3-cp312-cp312-win_amd64.whl", hash = "sha256:4a50ad2524ee7e4c2a95e60d2b0b83283bdfc745fe82359d567e4f15d3823eb5", size = 219501 },
    { url = "https://files.pythonhosted.org/packages/56/af/7cbcbf23d46de6f24246e3f76b30df099d05636b30c53c158a196f7da3ad/coverage-7.10.3-cp312-cp312-win_arm64.whl", hash = "sha256:c112f04e075d3495fa3ed2200f71317da99608cbb2e9345bdb6de8819fc30571", size = 218135 },
    { url = "https://files.pythonhosted.org/packages/0a/ff/239e4de9cc149c80e9cc359fab60592365b8c4cbfcad58b8a939d18c6898/coverage-7.10.3-cp313-cp313-macosx_10_13_x86_64.whl", hash = "sha256:b99e87304ffe0eb97c5308447328a584258951853807afdc58b16143a530518a", size = 216298 },
    { url = "https://files.pythonhosted.org/packages/56/da/28717da68f8ba68f14b9f558aaa8f3e39ada8b9a1ae4f4977c8f98b286d5/coverage-7.10.3-cp313-cp313-macosx_11_0_arm64.whl", hash = "sha256:4af09c7574d09afbc1ea7da9dcea23665c01f3bc1b1feb061dac135f98ffc53a", size = 216546 },
    { url = "https://files.pythonhosted.org/packages/de/bb/e1ade16b9e3f2d6c323faeb6bee8e6c23f3a72760a5d9af102ef56a656cb/coverage-7.10.3-cp313-cp313-manylinux1_i686.manylinux_2_28_i686.manylinux_2_5_i686.whl", hash = "sha256:488e9b50dc5d2aa9521053cfa706209e5acf5289e81edc28291a24f4e4488f46", size = 247538 },
    { url = "https://files.pythonhosted.org/packages/ea/2f/6ae1db51dc34db499bfe340e89f79a63bd115fc32513a7bacdf17d33cd86/coverage-7.10.3-cp313-cp313-manylinux1_x86_64.manylinux_2_28_x86_64.manylinux_2_5_x86_64.whl", hash = "sha256:913ceddb4289cbba3a310704a424e3fb7aac2bc0c3a23ea473193cb290cf17d4", size = 250141 },
    { url = "https://files.pythonhosted.org/packages/4f/ed/33efd8819895b10c66348bf26f011dd621e804866c996ea6893d682218df/coverage-7.10.3-cp313-cp313-manylinux2014_aarch64.manylinux_2_17_aarch64.manylinux_2_28_aarch64.whl", hash = "sha256:6b1f91cbc78c7112ab84ed2a8defbccd90f888fcae40a97ddd6466b0bec6ae8a", size = 251415 },
    { url = "https://files.pythonhosted.org/packages/26/04/cb83826f313d07dc743359c9914d9bc460e0798da9a0e38b4f4fabc207ed/coverage-7.10.3-cp313-cp313-musllinux_1_2_aarch64.whl", hash = "sha256:b0bac054d45af7cd938834b43a9878b36ea92781bcb009eab040a5b09e9927e3", size = 249575 },
    { url = "https://files.pythonhosted.org/packages/2d/fd/ae963c7a8e9581c20fa4355ab8940ca272554d8102e872dbb932a644e410/coverage-7.10.3-cp313-cp313-musllinux_1_2_i686.whl", hash = "sha256:fe72cbdd12d9e0f4aca873fa6d755e103888a7f9085e4a62d282d9d5b9f7928c", size = 247466 },
    { url = "https://files.pythonhosted.org/packages/99/e8/b68d1487c6af370b8d5ef223c6d7e250d952c3acfbfcdbf1a773aa0da9d2/coverage-7.10.3-cp313-cp313-musllinux_1_2_x86_64.whl", hash = "sha256:c1e2e927ab3eadd7c244023927d646e4c15c65bb2ac7ae3c3e9537c013700d21", size = 249084 },
    { url = "https://files.pythonhosted.org/packages/66/4d/a0bcb561645c2c1e21758d8200443669d6560d2a2fb03955291110212ec4/coverage-7.10.3-cp313-cp313-win32.whl", hash = "sha256:24d0c13de473b04920ddd6e5da3c08831b1170b8f3b17461d7429b61cad59ae0", size = 218735 },
    { url = "https://files.pythonhosted.org/packages/6a/c3/78b4adddbc0feb3b223f62761e5f9b4c5a758037aaf76e0a5845e9e35e48/coverage-7.10.3-cp313-cp313-win_amd64.whl", hash = "sha256:3564aae76bce4b96e2345cf53b4c87e938c4985424a9be6a66ee902626edec4c", size = 219531 },
    { url = "https://files.pythonhosted.org/packages/70/1b/1229c0b2a527fa5390db58d164aa896d513a1fbb85a1b6b6676846f00552/coverage-7.10.3-cp313-cp313-win_arm64.whl", hash = "sha256:f35580f19f297455f44afcd773c9c7a058e52eb6eb170aa31222e635f2e38b87", size = 218162 },
    { url = "https://files.pythonhosted.org/packages/fc/26/1c1f450e15a3bf3eaecf053ff64538a2612a23f05b21d79ce03be9ff5903/coverage-7.10.3-cp313-cp313t-macosx_10_13_x86_64.whl", hash = "sha256:07009152f497a0464ffdf2634586787aea0e69ddd023eafb23fc38267db94b84", size = 217003 },
    { url = "https://files.pythonhosted.org/packages/29/96/4b40036181d8c2948454b458750960956a3c4785f26a3c29418bbbee1666/coverage-7.10.3-cp313-cp313t-macosx_11_0_arm64.whl", hash = "sha256:8dd2ba5f0c7e7e8cc418be2f0c14c4d9e3f08b8fb8e4c0f83c2fe87d03eb655e", size = 217238 },
    { url = "https://files.pythonhosted.org/packages/62/23/8dfc52e95da20957293fb94d97397a100e63095ec1e0ef5c09dd8c6f591a/coverage-7.10.3-cp313-cp313t-manylinux1_i686.manylinux_2_28_i686.manylinux_2_5_i686.whl", hash = "sha256:1ae22b97003c74186e034a93e4f946c75fad8c0ce8d92fbbc168b5e15ee2841f", size = 258561 },
    { url = "https://files.pythonhosted.org/packages/59/95/00e7fcbeda3f632232f4c07dde226afe3511a7781a000aa67798feadc535/coverage-7.10.3-cp313-cp313t-manylinux1_x86_64.manylinux_2_28_x86_64.manylinux_2_5_x86_64.whl", hash = "sha256:eb329f1046888a36b1dc35504d3029e1dd5afe2196d94315d18c45ee380f67d5", size = 260735 },
    { url = "https://files.pythonhosted.org/packages/9e/4c/f4666cbc4571804ba2a65b078ff0de600b0b577dc245389e0bc9b69ae7ca/coverage-7.10.3-cp313-cp313t-manylinux2014_aarch64.manylinux_2_17_aarch64.manylinux_2_28_aarch64.whl", hash = "sha256:ce01048199a91f07f96ca3074b0c14021f4fe7ffd29a3e6a188ac60a5c3a4af8", size = 262960 },
    { url = "https://files.pythonhosted.org/packages/c1/a5/8a9e8a7b12a290ed98b60f73d1d3e5e9ced75a4c94a0d1a671ce3ddfff2a/coverage-7.10.3-cp313-cp313t-musllinux_1_2_aarch64.whl", hash = "sha256:08b989a06eb9dfacf96d42b7fb4c9a22bafa370d245dc22fa839f2168c6f9fa1", size = 260515 },
    { url = "https://files.pythonhosted.org/packages/86/11/bb59f7f33b2cac0c5b17db0d9d0abba9c90d9eda51a6e727b43bd5fce4ae/coverage-7.10.3-cp313-cp313t-musllinux_1_2_i686.whl", hash = "sha256:669fe0d4e69c575c52148511029b722ba8d26e8a3129840c2ce0522e1452b256", size = 258278 },
    { url = "https://files.pythonhosted.org/packages/cc/22/3646f8903743c07b3e53fded0700fed06c580a980482f04bf9536657ac17/coverage-7.10.3-cp313-cp313t-musllinux_1_2_x86_64.whl", hash = "sha256:3262d19092771c83f3413831d9904b1ccc5f98da5de4ffa4ad67f5b20c7aaf7b", size = 259408 },
    { url = "https://files.pythonhosted.org/packages/d2/5c/6375e9d905da22ddea41cd85c30994b8b6f6c02e44e4c5744b76d16b026f/coverage-7.10.3-cp313-cp313t-win32.whl", hash = "sha256:cc0ee4b2ccd42cab7ee6be46d8a67d230cb33a0a7cd47a58b587a7063b6c6b0e", size = 219396 },
    { url = "https://files.pythonhosted.org/packages/33/3b/7da37fd14412b8c8b6e73c3e7458fef6b1b05a37f990a9776f88e7740c89/coverage-7.10.3-cp313-cp313t-win_amd64.whl", hash = "sha256:03db599f213341e2960430984e04cf35fb179724e052a3ee627a068653cf4a7c", size = 220458 },
    { url = "https://files.pythonhosted.org/packages/28/cc/59a9a70f17edab513c844ee7a5c63cf1057041a84cc725b46a51c6f8301b/coverage-7.10.3-cp313-cp313t-win_arm64.whl", hash = "sha256:46eae7893ba65f53c71284585a262f083ef71594f05ec5c85baf79c402369098", size = 218722 },
    { url = "https://files.pythonhosted.org/packages/2d/84/bb773b51a06edbf1231b47dc810a23851f2796e913b335a0fa364773b842/coverage-7.10.3-cp314-cp314-macosx_10_13_x86_64.whl", hash = "sha256:bce8b8180912914032785850d8f3aacb25ec1810f5f54afc4a8b114e7a9b55de", size = 216280 },
    { url = "https://files.pythonhosted.org/packages/92/a8/4d8ca9c111d09865f18d56facff64d5fa076a5593c290bd1cfc5dceb8dba/coverage-7.10.3-cp314-cp314-macosx_11_0_arm64.whl", hash = "sha256:07790b4b37d56608536f7c1079bd1aa511567ac2966d33d5cec9cf520c50a7c8", size = 216557 },
    { url = "https://files.pythonhosted.org/packages/fe/b2/eb668bfc5060194bc5e1ccd6f664e8e045881cfee66c42a2aa6e6c5b26e8/coverage-7.10.3-cp314-cp314-manylinux1_i686.manylinux_2_28_i686.manylinux_2_5_i686.whl", hash = "sha256:e79367ef2cd9166acedcbf136a458dfe9a4a2dd4d1ee95738fb2ee581c56f667", size = 247598 },
    { url = "https://files.pythonhosted.org/packages/fd/b0/9faa4ac62c8822219dd83e5d0e73876398af17d7305968aed8d1606d1830/coverage-7.10.3-cp314-cp314-manylinux1_x86_64.manylinux_2_28_x86_64.manylinux_2_5_x86_64.whl", hash = "sha256:419d2a0f769f26cb1d05e9ccbc5eab4cb5d70231604d47150867c07822acbdf4", size = 250131 },
    { url = "https://files.pythonhosted.org/packages/4e/90/203537e310844d4bf1bdcfab89c1e05c25025c06d8489b9e6f937ad1a9e2/coverage-7.10.3-cp314-cp314-manylinux2014_aarch64.manylinux_2_17_aarch64.manylinux_2_28_aarch64.whl", hash = "sha256:ee221cf244757cdc2ac882e3062ab414b8464ad9c884c21e878517ea64b3fa26", size = 251485 },
    { url = "https://files.pythonhosted.org/packages/b9/b2/9d894b26bc53c70a1fe503d62240ce6564256d6d35600bdb86b80e516e7d/coverage-7.10.3-cp314-cp314-musllinux_1_2_aarch64.whl", hash = "sha256:c2079d8cdd6f7373d628e14b3357f24d1db02c9dc22e6a007418ca7a2be0435a", size = 249488 },
    { url = "https://files.pythonhosted.org/packages/b4/28/af167dbac5281ba6c55c933a0ca6675d68347d5aee39cacc14d44150b922/coverage-7.10.3-cp314-cp314-musllinux_1_2_i686.whl", hash = "sha256:bd8df1f83c0703fa3ca781b02d36f9ec67ad9cb725b18d486405924f5e4270bd", size = 247419 },
    { url = "https://files.pythonhosted.org/packages/f4/1c/9a4ddc9f0dcb150d4cd619e1c4bb39bcf694c6129220bdd1e5895d694dda/coverage-7.10.3-cp314-cp314-musllinux_1_2_x86_64.whl", hash = "sha256:6b4e25e0fa335c8aa26e42a52053f3786a61cc7622b4d54ae2dad994aa754fec", size = 248917 },
    { url = "https://files.pythonhosted.org/packages/92/27/c6a60c7cbe10dbcdcd7fc9ee89d531dc04ea4c073800279bb269954c5a9f/coverage-7.10.3-cp314-cp314-win32.whl", hash = "sha256:d7c3d02c2866deb217dce664c71787f4b25420ea3eaf87056f44fb364a3528f5", size = 218999 },
    { url = "https://files.pythonhosted.org/packages/36/09/a94c1369964ab31273576615d55e7d14619a1c47a662ed3e2a2fe4dee7d4/coverage-7.10.3-cp314-cp314-win_amd64.whl", hash = "sha256:9c8916d44d9e0fe6cdb2227dc6b0edd8bc6c8ef13438bbbf69af7482d9bb9833", size = 219801 },
    { url = "https://files.pythonhosted.org/packages/23/59/f5cd2a80f401c01cf0f3add64a7b791b7d53fd6090a4e3e9ea52691cf3c4/coverage-7.10.3-cp314-cp314-win_arm64.whl", hash = "sha256:1007d6a2b3cf197c57105cc1ba390d9ff7f0bee215ced4dea530181e49c65ab4", size = 218381 },
    { url = "https://files.pythonhosted.org/packages/73/3d/89d65baf1ea39e148ee989de6da601469ba93c1d905b17dfb0b83bd39c96/coverage-7.10.3-cp314-cp314t-macosx_10_13_x86_64.whl", hash = "sha256:ebc8791d346410d096818788877d675ca55c91db87d60e8f477bd41c6970ffc6", size = 217019 },
    { url = "https://files.pythonhosted.org/packages/7d/7d/d9850230cd9c999ce3a1e600f85c2fff61a81c301334d7a1faa1a5ba19c8/coverage-7.10.3-cp314-cp314t-macosx_11_0_arm64.whl", hash = "sha256:1f4e4d8e75f6fd3c6940ebeed29e3d9d632e1f18f6fb65d33086d99d4d073241", size = 217237 },
    { url = "https://files.pythonhosted.org/packages/36/51/b87002d417202ab27f4a1cd6bd34ee3b78f51b3ddbef51639099661da991/coverage-7.10.3-cp314-cp314t-manylinux1_i686.manylinux_2_28_i686.manylinux_2_5_i686.whl", hash = "sha256:24581ed69f132b6225a31b0228ae4885731cddc966f8a33fe5987288bdbbbd5e", size = 258735 },
    { url = "https://files.pythonhosted.org/packages/1c/02/1f8612bfcb46fc7ca64a353fff1cd4ed932bb6e0b4e0bb88b699c16794b8/coverage-7.10.3-cp314-cp314t-manylinux1_x86_64.manylinux_2_28_x86_64.manylinux_2_5_x86_64.whl", hash = "sha256:ec151569ddfccbf71bac8c422dce15e176167385a00cd86e887f9a80035ce8a5", size = 260901 },
    { url = "https://files.pythonhosted.org/packages/aa/3a/fe39e624ddcb2373908bd922756384bb70ac1c5009b0d1674eb326a3e428/coverage-7.10.3-cp314-cp314t-manylinux2014_aarch64.manylinux_2_17_aarch64.manylinux_2_28_aarch64.whl", hash = "sha256:2ae8e7c56290b908ee817200c0b65929b8050bc28530b131fe7c6dfee3e7d86b", size = 263157 },
    { url = "https://files.pythonhosted.org/packages/5e/89/496b6d5a10fa0d0691a633bb2b2bcf4f38f0bdfcbde21ad9e32d1af328ed/coverage-7.10.3-cp314-cp314t-musllinux_1_2_aarch64.whl", hash = "sha256:5fb742309766d7e48e9eb4dc34bc95a424707bc6140c0e7d9726e794f11b92a0", size = 260597 },
    { url = "https://files.pythonhosted.org/packages/b6/a6/8b5bf6a9e8c6aaeb47d5fe9687014148efc05c3588110246d5fdeef9b492/coverage-7.10.3-cp314-cp314t-musllinux_1_2_i686.whl", hash = "sha256:c65e2a5b32fbe1e499f1036efa6eb9cb4ea2bf6f7168d0e7a5852f3024f471b1", size = 258353 },
    { url = "https://files.pythonhosted.org/packages/c3/6d/ad131be74f8afd28150a07565dfbdc86592fd61d97e2dc83383d9af219f0/coverage-7.10.3-cp314-cp314t-musllinux_1_2_x86_64.whl", hash = "sha256:d48d2cb07d50f12f4f18d2bb75d9d19e3506c26d96fffabf56d22936e5ed8f7c", size = 259504 },
    { url = "https://files.pythonhosted.org/packages/ec/30/fc9b5097092758cba3375a8cc4ff61774f8cd733bcfb6c9d21a60077a8d8/coverage-7.10.3-cp314-cp314t-win32.whl", hash = "sha256:dec0d9bc15ee305e09fe2cd1911d3f0371262d3cfdae05d79515d8cb712b4869", size = 219782 },
    { url = "https://files.pythonhosted.org/packages/72/9b/27fbf79451b1fac15c4bda6ec6e9deae27cf7c0648c1305aa21a3454f5c4/coverage-7.10.3-cp314-cp314t-win_amd64.whl", hash = "sha256:424ea93a323aa0f7f01174308ea78bde885c3089ec1bef7143a6d93c3e24ef64", size = 220898 },
    { url = "https://files.pythonhosted.org/packages/d1/cf/a32bbf92869cbf0b7c8b84325327bfc718ad4b6d2c63374fef3d58e39306/coverage-7.10.3-cp314-cp314t-win_arm64.whl", hash = "sha256:f5983c132a62d93d71c9ef896a0b9bf6e6828d8d2ea32611f58684fba60bba35", size = 218922 },
    { url = "https://files.pythonhosted.org/packages/84/19/e67f4ae24e232c7f713337f3f4f7c9c58afd0c02866fb07c7b9255a19ed7/coverage-7.10.3-py3-none-any.whl", hash = "sha256:416a8d74dc0adfd33944ba2f405897bab87b7e9e84a391e09d241956bd953ce1", size = 207921 },
]

[[package]]
name = "hexlet-code"
version = "0.1.1"
source = { editable = "." }
dependencies = [
    { name = "pyyaml" },
]

[package.optional-dependencies]
dev = [
    { name = "black" },
    { name = "pytest" },
    { name = "pytest-cov" },
    { name = "ruff" },
]

[package.dev-dependencies]
dev = [
    { name = "black" },
    { name = "ruff" },
]

[package.metadata]
requires-dist = [
    { name = "black", marker = "extra == 'dev'" },
    { name = "pytest", marker = "extra == 'dev'" },
    { name = "pytest-cov", marker = "extra == 'dev'" },
    { name = "pyyaml", specifier = ">=6.0" },
    { name = "ruff", marker = "extra == 'dev'" },
]
provides-extras = ["dev"]

[package.metadata.requires-dev]
dev = [
    { name = "black", specifier = ">=25.1.0" },
    { name = "ruff", specifier = ">=0.11.10" },
]

[[package]]
name = "iniconfig"
version = "2.1.0"
source = { registry = "https://pypi.org/simple" }
sdist = { url = "https://files.pythonhosted.org/packages/f2/97/ebf4da567aa6827c909642694d71c9fcf53e5b504f2d96afea02718862f3/iniconfig-2.1.0.tar.gz", hash = "sha256:3abbd2e30b36733fee78f9c7f7308f2d0050e88f0087fd25c2645f63c773e1c7", size = 4793 }
wheels = [
    { url = "https://files.pythonhosted.org/packages/2c/e1/e6716421ea10d38022b952c159d5161ca1193197fb744506875fbb87ea7b/iniconfig-2.1.0-py3-none-any.whl", hash = "sha256:9deba5723312380e77435581c6bf4935c94cbfab9b1ed33ef8d238ea168eb760", size = 6050 },
]

[[package]]
name = "mypy-extensions"
version = "1.1.0"
source = { registry = "https://pypi.org/simple" }
sdist = { url = "https://files.pythonhosted.org/packages/a2/6e/371856a3fb9d31ca8dac321cda606860fa4548858c0cc45d9d1d4ca2628b/mypy_extensions-1.1.0.tar.gz", hash = "sha256:52e68efc3284861e772bbcd66823fde5ae21fd2fdb51c62a211403730b916558", size = 6343 }
wheels = [
    { url = "https://files.pythonhosted.org/packages/79/7b/2c79738432f5c924bef5071f933bcc9efd0473bac3b4aa584a6f7c1c8df8/mypy_extensions-1.1.0-py3-none-any.whl", hash = "sha256:1be4cccdb0f2482337c4743e60421de3a356cd97508abadd57d47403e94f5505", size = 4963 },
]

[[package]]
name = "packaging"
version = "25.0"
source = { registry = "https://pypi.org/simple" }
sdist = { url = "https://files.pythonhosted.org/packages/a1/d4/1fc4078c65507b51b96ca8f8c3ba19e6a61c8253c72794544580a7b6c24d/packaging-25.0.tar.gz", hash = "sha256:d443872c98d677bf60f6a1f2f8c1cb748e8fe762d2bf9d3148b5599295b0fc4f", size = 165727 }
wheels = [
    { url = "https://files.pythonhosted.org/packages/20/12/38679034af332785aac8774540895e234f4d07f7545804097de4b666afd8/packaging-25.0-py3-none-any.whl", hash = "sha256:29572ef2b1f17581046b3a2227d5c611fb25ec70ca1ba8554b24b0e69331a484", size = 66469 },
]

[[package]]
name = "pathspec"
version = "0.12.1"
source = { registry = "https://pypi.org/simple" }
sdist = { url = "https://files.pythonhosted.org/packages/ca/bc/f35b8446f4531a7cb215605d100cd88b7ac6f44ab3fc94870c120ab3adbf/pathspec-0.12.1.tar.gz", hash = "sha256:a482d51503a1ab33b1c67a6c3813a26953dbdc71c31dacaef9a838c4e29f5712", size = 51043 }
wheels = [
    { url = "https://files.pythonhosted.org/packages/cc/20/ff623b09d963f88bfde16306a54e12ee5ea43e9b597108672ff3a408aad6/pathspec-0.12.1-py3-none-any.whl", hash = "sha256:a0d503e138a4c123b27490a4f7beda6a01c6f288df0e4a8b79c7eb0dc7b4cc08", size = 31191 },
]

[[package]]
name = "platformdirs"
version = "4.3.8"
source = { registry = "https://pypi.org/simple" }
sdist = { url = "https://files.pythonhosted.org/packages/fe/8b/3c73abc9c759ecd3f1f7ceff6685840859e8070c4d947c93fae71f6a0bf2/platformdirs-4.3.8.tar.gz", hash = "sha256:3d512d96e16bcb959a814c9f348431070822a6496326a4be0911c40b5a74c2bc", size = 21362 }
wheels = [
    { url = "https://files.pythonhosted.org/packages/fe/39/979e8e21520d4e47a0bbe349e2713c0aac6f3d853d0e5b34d76206c439aa/platformdirs-4.3.8-py3-none-any.whl", hash = "sha256:ff7059bb7eb1179e2685604f4aaf157cfd9535242bd23742eadc3c13542139b4", size = 18567 },
]

[[package]]
name = "pluggy"
version = "1.6.0"
source = { registry = "https://pypi.org/simple" }
sdist = { url = "https://files.pythonhosted.org/packages/f9/e2/3e91f31a7d2b083fe6ef3fa267035b518369d9511ffab804f839851d2779/pluggy-1.6.0.tar.gz", hash = "sha256:7dcc130b76258d33b90f61b658791dede3486c3e6bfb003ee5c9bfb396dd22f3", size = 69412 }
wheels = [
    { url = "https://files.pythonhosted.org/packages/54/20/4d324d65cc6d9205fabedc306948156824eb9f0ee1633355a8f7ec5c66bf/pluggy-1.6.0-py3-none-any.whl", hash = "sha256:e920276dd6813095e9377c0bc5566d94c932c33b27a3e3945d8389c374dd4746", size = 20538 },
]

[[package]]
name = "pygments"
version = "2.19.2"
source = { registry = "https://pypi.org/simple" }
sdist = { url = "https://files.pythonhosted.org/packages/b0/77/a5b8c569bf593b0140bde72ea885a803b82086995367bf2037de0159d924/pygments-2.19.2.tar.gz", hash = "sha256:636cb2477cec7f8952536970bc533bc43743542f70392ae026374600add5b887", size = 4968631 }
wheels = [
    { url = "https://files.pythonhosted.org/packages/c7/21/705964c7812476f378728bdf590ca4b771ec72385c533964653c68e86bdc/pygments-2.19.2-py3-none-any.whl", hash = "sha256:86540386c03d588bb81d44bc3928634ff26449851e99741617ecb9037ee5ec0b", size = 1225217 },
]

[[package]]
name = "pytest"
version = "8.4.1"
source = { registry = "https://pypi.org/simple" }
dependencies = [
    { name = "colorama", marker = "sys_platform == 'win32'" },
    { name = "iniconfig" },
    { name = "packaging" },
    { name = "pluggy" },
    { name = "pygments" },
]
sdist = { url = "https://files.pythonhosted.org/packages/08/ba/45911d754e8eba3d5a841a5ce61a65a685ff1798421ac054f85aa8747dfb/pytest-8.4.1.tar.gz", hash = "sha256:7c67fd69174877359ed9371ec3af8a3d2b04741818c51e5e99cc1742251fa93c", size = 1517714 }
wheels = [
    { url = "https://files.pythonhosted.org/packages/29/16/c8a903f4c4dffe7a12843191437d7cd8e32751d5de349d45d3fe69544e87/pytest-8.4.1-py3-none-any.whl", hash = "sha256:539c70ba6fcead8e78eebbf1115e8b589e7565830d7d006a8723f19ac8a0afb7", size = 365474 },
]

[[package]]
name = "pytest-cov"
version = "6.2.1"
source = { registry = "https://pypi.org/simple" }
dependencies = [
    { name = "coverage" },
    { name = "pluggy" },
    { name = "pytest" },
]
sdist = { url = "https://files.pythonhosted.org/packages/18/99/668cade231f434aaa59bbfbf49469068d2ddd945000621d3d165d2e7dd7b/pytest_cov-6.2.1.tar.gz", hash = "sha256:25cc6cc0a5358204b8108ecedc51a9b57b34cc6b8c967cc2c01a4e00d8a67da2", size = 69432 }
wheels = [
    { url = "https://files.pythonhosted.org/packages/bc/16/4ea354101abb1287856baa4af2732be351c7bee728065aed451b678153fd/pytest_cov-6.2.1-py3-none-any.whl", hash = "sha256:f5bc4c23f42f1cdd23c70b1dab1bbaef4fc505ba950d53e0081d0730dd7e86d5", size = 24644 },
]

[[package]]
name = "pyyaml"
version = "6.0.2"
source = { registry = "https://pypi.org/simple" }
sdist = { url = "https://files.pythonhosted.org/packages/54/ed/79a089b6be93607fa5cdaedf301d7dfb23af5f25c398d5ead2525b063e17/pyyaml-6.0.2.tar.gz", hash = "sha256:d584d9ec91ad65861cc08d42e834324ef890a082e591037abe114850ff7bbc3e", size = 130631 }
wheels = [
    { url = "https://files.pythonhosted.org/packages/86/0c/c581167fc46d6d6d7ddcfb8c843a4de25bdd27e4466938109ca68492292c/PyYAML-6.0.2-cp312-cp312-macosx_10_9_x86_64.whl", hash = "sha256:c70c95198c015b85feafc136515252a261a84561b7b1d51e3384e0655ddf25ab", size = 183873 },
    { url = "https://files.pythonhosted.org/packages/a8/0c/38374f5bb272c051e2a69281d71cba6fdb983413e6758b84482905e29a5d/PyYAML-6.0.2-cp312-cp312-macosx_11_0_arm64.whl", hash = "sha256:ce826d6ef20b1bc864f0a68340c8b3287705cae2f8b4b1d932177dcc76721725", size = 173302 },
    { url = "https://files.pythonhosted.org/packages/c3/93/9916574aa8c00aa06bbac729972eb1071d002b8e158bd0e83a3b9a20a1f7/PyYAML-6.0.2-cp312-cp312-manylinux_2_17_aarch64.manylinux2014_aarch64.whl", hash = "sha256:1f71ea527786de97d1a0cc0eacd1defc0985dcf6b3f17bb77dcfc8c34bec4dc5", size = 739154 },
    { url = "https://files.pythonhosted.org/packages/95/0f/b8938f1cbd09739c6da569d172531567dbcc9789e0029aa070856f123984/PyYAML-6.0.2-cp312-cp312-manylinux_2_17_s390x.manylinux2014_s390x.whl", hash = "sha256:9b22676e8097e9e22e36d6b7bda33190d0d400f345f23d4065d48f4ca7ae0425", size = 766223 },
    { url = "https://files.pythonhosted.org/packages/b9/2b/614b4752f2e127db5cc206abc23a8c19678e92b23c3db30fc86ab731d3bd/PyYAML-6.0.2-cp312-cp312-manylinux_2_17_x86_64.manylinux2014_x86_64.whl", hash = "sha256:80bab7bfc629882493af4aa31a4cfa43a4c57c83813253626916b8c7ada83476", size = 767542 },
    { url = "https://files.pythonhosted.org/packages/d4/00/dd137d5bcc7efea1836d6264f049359861cf548469d18da90cd8216cf05f/PyYAML-6.0.2-cp312-cp312-musllinux_1_1_aarch64.whl", hash = "sha256:0833f8694549e586547b576dcfaba4a6b55b9e96098b36cdc7ebefe667dfed48", size = 731164 },
    { url = "https://files.pythonhosted.org/packages/c9/1f/4f998c900485e5c0ef43838363ba4a9723ac0ad73a9dc42068b12aaba4e4/PyYAML-6.0.2-cp312-cp312-musllinux_1_1_x86_64.whl", hash = "sha256:8b9c7197f7cb2738065c481a0461e50ad02f18c78cd75775628afb4d7137fb3b", size = 756611 },
    { url = "https://files.pythonhosted.org/packages/df/d1/f5a275fdb252768b7a11ec63585bc38d0e87c9e05668a139fea92b80634c/PyYAML-6.0.2-cp312-cp312-win32.whl", hash = "sha256:ef6107725bd54b262d6dedcc2af448a266975032bc85ef0172c5f059da6325b4", size = 140591 },
    { url = "https://files.pythonhosted.org/packages/0c/e8/4f648c598b17c3d06e8753d7d13d57542b30d56e6c2dedf9c331ae56312e/PyYAML-6.0.2-cp312-cp312-win_amd64.whl", hash = "sha256:7e7401d0de89a9a855c839bc697c079a4af81cf878373abd7dc625847d25cbd8", size = 156338 },
    { url = "https://files.pythonhosted.org/packages/ef/e3/3af305b830494fa85d95f6d95ef7fa73f2ee1cc8ef5b495c7c3269fb835f/PyYAML-6.0.2-cp313-cp313-macosx_10_13_x86_64.whl", hash = "sha256:efdca5630322a10774e8e98e1af481aad470dd62c3170801852d752aa7a783ba", size = 181309 },
    { url = "https://files.pythonhosted.org/packages/45/9f/3b1c20a0b7a3200524eb0076cc027a970d320bd3a6592873c85c92a08731/PyYAML-6.0.2-cp313-cp313-macosx_11_0_arm64.whl", hash = "sha256:50187695423ffe49e2deacb8cd10510bc361faac997de9efef88badc3bb9e2d1", size = 171679 },
    { url = "https://files.pythonhosted.org/packages/7c/9a/337322f27005c33bcb656c655fa78325b730324c78620e8328ae28b64d0c/PyYAML-6.0.2-cp313-cp313-manylinux_2_17_aarch64.manylinux2014_aarch64.whl", hash = "sha256:0ffe8360bab4910ef1b9e87fb812d8bc0a308b0d0eef8c8f44e0254ab3b07133", size = 733428 },
    { url = "https://files.pythonhosted.org/packages/a3/69/864fbe19e6c18ea3cc196cbe5d392175b4cf3d5d0ac1403ec3f2d237ebb5/PyYAML-6.0.2-cp313-cp313-manylinux_2_17_s390x.manylinux2014_s390x.whl", hash = "sha256:17e311b6c678207928d649faa7cb0d7b4c26a0ba73d41e99c4fff6b6c3276484", size = 763361 },
    { url = "https://files.pythonhosted.org/packages/04/24/b7721e4845c2f162d26f50521b825fb061bc0a5afcf9a386840f23ea19fa/PyYAML-6.0.2-cp313-cp313-manylinux_2_17_x86_64.manylinux2014_x86_64.whl", hash = "sha256:70b189594dbe54f75ab3a1acec5f1e3faa7e8cf2f1e08d9b561cb41b845f69d5", size = 759523 },
    { url = "https://files.pythonhosted.org/packages/2b/b2/e3234f59ba06559c6ff63c4e10baea10e5e7df868092bf9ab40e5b9c56b6/PyYAML-6.0.2-cp313-cp313-musllinux_1_1_aarch64.whl", hash = "sha256:41e4e3953a79407c794916fa277a82531dd93aad34e29c2a514c2c0c5fe971cc", size = 726660 },
    { url = "https://files.pythonhosted.org/packages/fe/0f/25911a9f080464c59fab9027482f822b86bf0608957a5fcc6eaac85aa515/PyYAML-6.0.2-cp313-cp313-musllinux_1_1_x86_64.whl", hash = "sha256:68ccc6023a3400877818152ad9a1033e3db8625d899c72eacb5a668902e4d652", size = 751597 },
    { url = "https://files.pythonhosted.org/packages/14/0d/e2c3b43bbce3cf6bd97c840b46088a3031085179e596d4929729d8d68270/PyYAML-6.0.2-cp313-cp313-win32.whl", hash = "sha256:bc2fa7c6b47d6bc618dd7fb02ef6fdedb1090ec036abab80d4681424b84c1183", size = 140527 },
    { url = "https://files.pythonhosted.org/packages/fa/de/02b54f42487e3d3c6efb3f89428677074ca7bf43aae402517bc7cca949f3/PyYAML-6.0.2-cp313-cp313-win_amd64.whl", hash = "sha256:8388ee1976c416731879ac16da0aff3f63b286ffdd57cdeb95f3f2e085687563", size = 156446 },
]

[[package]]
name = "ruff"
version = "0.12.0"
source = { registry = "https://pypi.org/simple" }
sdist = { url = "https://files.pythonhosted.org/packages/24/90/5255432602c0b196a0da6720f6f76b93eb50baef46d3c9b0025e2f9acbf3/ruff-0.12.0.tar.gz", hash = "sha256:4d047db3662418d4a848a3fdbfaf17488b34b62f527ed6f10cb8afd78135bc5c", size = 4376101 }
wheels = [
    { url = "https://files.pythonhosted.org/packages/e6/fd/b46bb20e14b11ff49dbc74c61de352e0dc07fb650189513631f6fb5fc69f/ruff-0.12.0-py3-none-linux_armv6l.whl", hash = "sha256:5652a9ecdb308a1754d96a68827755f28d5dfb416b06f60fd9e13f26191a8848", size = 10311554 },
    { url = "https://files.pythonhosted.org/packages/e7/d3/021dde5a988fa3e25d2468d1dadeea0ae89dc4bc67d0140c6e68818a12a1/ruff-0.12.0-py3-none-macosx_10_12_x86_64.whl", hash = "sha256:05ed0c914fabc602fc1f3b42c53aa219e5736cb030cdd85640c32dbc73da74a6", size = 11118435 },
    { url = "https://files.pythonhosted.org/packages/07/a2/01a5acf495265c667686ec418f19fd5c32bcc326d4c79ac28824aecd6a32/ruff-0.12.0-py3-none-macosx_11_0_arm64.whl", hash = "sha256:07a7aa9b69ac3fcfda3c507916d5d1bca10821fe3797d46bad10f2c6de1edda0", size = 10466010 },
    { url = "https://files.pythonhosted.org/packages/4c/57/7caf31dd947d72e7aa06c60ecb19c135cad871a0a8a251723088132ce801/ruff-0.12.0-py3-none-manylinux_2_17_aarch64.manylinux2014_aarch64.whl", hash = "sha256:e7731c3eec50af71597243bace7ec6104616ca56dda2b99c89935fe926bdcd48", size = 10661366 },
    { url = "https://files.pythonhosted.org/packages/e9/ba/aa393b972a782b4bc9ea121e0e358a18981980856190d7d2b6187f63e03a/ruff-0.12.0-py3-none-manylinux_2_17_armv7l.manylinux2014_armv7l.whl", hash = "sha256:952d0630eae628250ab1c70a7fffb641b03e6b4a2d3f3ec6c1d19b4ab6c6c807", size = 10173492 },
    { url = "https://files.pythonhosted.org/packages/d7/50/9349ee777614bc3062fc6b038503a59b2034d09dd259daf8192f56c06720/ruff-0.12.0-py3-none-manylinux_2_17_i686.manylinux2014_i686.whl", hash = "sha256:c021f04ea06966b02614d442e94071781c424ab8e02ec7af2f037b4c1e01cc82", size = 11761739 },
    { url = "https://files.pythonhosted.org/packages/04/8f/ad459de67c70ec112e2ba7206841c8f4eb340a03ee6a5cabc159fe558b8e/ruff-0.12.0-py3-none-manylinux_2_17_ppc64.manylinux2014_ppc64.whl", hash = "sha256:7d235618283718ee2fe14db07f954f9b2423700919dc688eacf3f8797a11315c", size = 12537098 },
    { url = "https://files.pythonhosted.org/packages/ed/50/15ad9c80ebd3c4819f5bd8883e57329f538704ed57bac680d95cb6627527/ruff-0.12.0-py3-none-manylinux_2_17_ppc64le.manylinux2014_ppc64le.whl", hash = "sha256:0c0758038f81beec8cc52ca22de9685b8ae7f7cc18c013ec2050012862cc9165", size = 12154122 },
    { url = "https://files.pythonhosted.org/packages/76/e6/79b91e41bc8cc3e78ee95c87093c6cacfa275c786e53c9b11b9358026b3d/ruff-0.12.0-py3-none-manylinux_2_17_s390x.manylinux2014_s390x.whl", hash = "sha256:139b3d28027987b78fc8d6cfb61165447bdf3740e650b7c480744873688808c2", size = 11363374 },
    { url = "https://files.pythonhosted.org/packages/db/c3/82b292ff8a561850934549aa9dc39e2c4e783ab3c21debe55a495ddf7827/ruff-0.12.0-py3-none-manylinux_2_17_x86_64.manylinux2014_x86_64.whl", hash = "sha256:68853e8517b17bba004152aebd9dd77d5213e503a5f2789395b25f26acac0da4", size = 11587647 },
    { url = "https://files.pythonhosted.org/packages/2b/42/d5760d742669f285909de1bbf50289baccb647b53e99b8a3b4f7ce1b2001/ruff-0.12.0-py3-none-musllinux_1_2_aarch64.whl", hash = "sha256:3a9512af224b9ac4757f7010843771da6b2b0935a9e5e76bb407caa901a1a514", size = 10527284 },
    { url = "https://files.pythonhosted.org/packages/19/f6/fcee9935f25a8a8bba4adbae62495c39ef281256693962c2159e8b284c5f/ruff-0.12.0-py3-none-musllinux_1_2_armv7l.whl", hash = "sha256:b08df3d96db798e5beb488d4df03011874aff919a97dcc2dd8539bb2be5d6a88", size = 10158609 },
    { url = "https://files.pythonhosted.org/packages/37/fb/057febf0eea07b9384787bfe197e8b3384aa05faa0d6bd844b94ceb29945/ruff-0.12.0-py3-none-musllinux_1_2_i686.whl", hash = "sha256:6a315992297a7435a66259073681bb0d8647a826b7a6de45c6934b2ca3a9ed51", size = 11141462 },
    { url = "https://files.pythonhosted.org/packages/10/7c/1be8571011585914b9d23c95b15d07eec2d2303e94a03df58294bc9274d4/ruff-0.12.0-py3-none-musllinux_1_2_x86_64.whl", hash = "sha256:1e55e44e770e061f55a7dbc6e9aed47feea07731d809a3710feda2262d2d4d8a", size = 11641616 },
    { url = "https://files.pythonhosted.org/packages/6a/ef/b960ab4818f90ff59e571d03c3f992828d4683561095e80f9ef31f3d58b7/ruff-0.12.0-py3-none-win32.whl", hash = "sha256:7162a4c816f8d1555eb195c46ae0bd819834d2a3f18f98cc63819a7b46f474fb", size = 10525289 },
    { url = "https://files.pythonhosted.org/packages/34/93/8b16034d493ef958a500f17cda3496c63a537ce9d5a6479feec9558f1695/ruff-0.12.0-py3-none-win_amd64.whl", hash = "sha256:d00b7a157b8fb6d3827b49d3324da34a1e3f93492c1f97b08e222ad7e9b291e0", size = 11598311 },
    { url = "https://files.pythonhosted.org/packages/d0/33/4d3e79e4a84533d6cd526bfb42c020a23256ae5e4265d858bd1287831f7d/ruff-0.12.0-py3-none-win_arm64.whl", hash = "sha256:8cd24580405ad8c1cc64d61725bca091d6b6da7eb3d36f72cc605467069d7e8b", size = 10724946 },
]
